
Microsoft Visual Studio Solution File, Format Version 12.00
# Visual Studio Version 17
VisualStudioVersion = 17.0.31903.59
MinimumVisualStudioVersion = 10.0.40219.1
Project("{9A19103F-16F7-4668-BE54-9A1E7A4F7556}") = "VendasAPI.API", "VendasAPI.API\VendasAPI.API.csproj", "{C68C050D-C129-489D-98B8-D18CDEF27B05}"
EndProject
Project("{9A19103F-16F7-4668-BE54-9A1E7A4F7556}") = "VendasAPI.Domain", "VendasAPI.Domain\VendasAPI.Domain.csproj", "{286DEE34-842B-4B8B-9955-3924C0B28B69}"
EndProject
Project("{9A19103F-16F7-4668-BE54-9A1E7A4F7556}") = "VendasAPI.Data", "VendasAPI.Data\VendasAPI.Data.csproj", "{7357669C-6F2F-4422-A3F8-A500275F9086}"
EndProject
Project("{2150E333-8FDC-42A3-9474-1A3956D46DE8}") = "tests", "tests", "{F9267D74-97F2-4078-AF20-E0139AF34906}"
EndProject
Project("{9A19103F-16F7-4668-BE54-9A1E7A4F7556}") = "VendasAPI.UnitTests", "VendasAPI.UnitTests\VendasAPI.UnitTests.csproj", "{D3AD720B-7BEF-4577-B78C-F550F7E519D9}"
EndProject
Global
	GlobalSection(SolutionConfigurationPlatforms) = preSolution
		Debug|Any CPU = Debug|Any CPU
		Release|Any CPU = Release|Any CPU
	EndGlobalSection
	GlobalSection(ProjectConfigurationPlatforms) = postSolution
		{C68C050D-C129-489D-98B8-D18CDEF27B05}.Debug|Any CPU.ActiveCfg = Debug|Any CPU
		{C68C050D-C129-489D-98B8-D18CDEF27B05}.Debug|Any CPU.Build.0 = Debug|Any CPU
		{C68C050D-C129-489D-98B8-D18CDEF27B05}.Release|Any CPU.ActiveCfg = Release|Any CPU
		{C68C050D-C129-489D-98B8-D18CDEF27B05}.Release|Any CPU.Build.0 = Release|Any CPU
		{286DEE34-842B-4B8B-9955-3924C0B28B69}.Debug|Any CPU.ActiveCfg = Debug|Any CPU
		{286DEE34-842B-4B8B-9955-3924C0B28B69}.Debug|Any CPU.Build.0 = Debug|Any CPU
		{286DEE34-842B-4B8B-9955-3924C0B28B69}.Release|Any CPU.ActiveCfg = Release|Any CPU
		{286DEE34-842B-4B8B-9955-3924C0B28B69}.Release|Any CPU.Build.0 = Release|Any CPU
		{7357669C-6F2F-4422-A3F8-A500275F9086}.Debug|Any CPU.ActiveCfg = Debug|Any CPU
		{7357669C-6F2F-4422-A3F8-A500275F9086}.Debug|Any CPU.Build.0 = Debug|Any CPU
		{7357669C-6F2F-4422-A3F8-A500275F9086}.Release|Any CPU.ActiveCfg = Release|Any CPU
		{7357669C-6F2F-4422-A3F8-A500275F9086}.Release|Any CPU.Build.0 = Release|Any CPU
		{D3AD720B-7BEF-4577-B78C-F550F7E519D9}.Debug|Any CPU.ActiveCfg = Debug|Any CPU
		{D3AD720B-7BEF-4577-B78C-F550F7E519D9}.Debug|Any CPU.Build.0 = Debug|Any CPU
		{D3AD720B-7BEF-4577-B78C-F550F7E519D9}.Release|Any CPU.ActiveCfg = Release|Any CPU
		{D3AD720B-7BEF-4577-B78C-F550F7E519D9}.Release|Any CPU.Build.0 = Release|Any CPU
	EndGlobalSection
	GlobalSection(SolutionProperties) = preSolution
		HideSolutionNode = FALSE
	EndGlobalSection
	GlobalSection(NestedProjects) = preSolution
		{D3AD720B-7BEF-4577-B78C-F550F7E519D9} = {F9267D74-97F2-4078-AF20-E0139AF34906}
	EndGlobalSection
	GlobalSection(ExtensibilityGlobals) = postSolution
		SolutionGuid = {A3994038-EA84-40B9-BDBF-063E07FC8E7C}
	EndGlobalSection
EndGlobal
